%{
  "elixir_make": {:hex, :elixir_make, "0.4.1", "6628b86053190a80b9072382bb9756a6c78624f208ec0ff22cb94c8977d80060", [:mix], [], "hexpm"},
  "ex_ncurses": {:git, "https://github.com/jfreeze/ex_ncurses.git", "26cfc1a4f3c875182e1ee8a6529f4c97b8b38fd5", []},
  "logger_file_backend": {:hex, :logger_file_backend, "0.0.10", "876f9f84ae110781207c54321ffbb62bebe02946fe3c13f0d7c5f5d8ad4fa910", [:mix], [], "hexpm"},
}
